// !$*UTF8*$!
{
	archiveVersion = 1;
	classes = {
	};
	objectVersion = 46;
	objects = {

/* Begin PBXBuildFile section */
		14E9C54E1B94C93200D9F28D /* AppDelegate.swift in Sources */ = {isa = PBXBuildFile; fileRef = 14E9C54D1B94C93200D9F28D /* AppDelegate.swift */; };
		14E9C5511B94C93200D9F28D /* ControllingSource.xcdatamodeld in Sources */ = {isa = PBXBuildFile; fileRef = 14E9C54F1B94C93200D9F28D /* ControllingSource.xcdatamodeld */; };
		14E9C5531B94C93200D9F28D /* MasterViewController.swift in Sources */ = {isa = PBXBuildFile; fileRef = 14E9C5521B94C93200D9F28D /* MasterViewController.swift */; };
		14E9C5551B94C93200D9F28D /* DetailViewController.swift in Sources */ = {isa = PBXBuildFile; fileRef = 14E9C5541B94C93200D9F28D /* DetailViewController.swift */; };
		14E9C5581B94C93200D9F28D /* Main.storyboard in Resources */ = {isa = PBXBuildFile; fileRef = 14E9C5561B94C93200D9F28D /* Main.storyboard */; };
		14E9C55A1B94C93200D9F28D /* Images.xcassets in Resources */ = {isa = PBXBuildFile; fileRef = 14E9C5591B94C93200D9F28D /* Images.xcassets */; };
		14E9C55D1B94C93200D9F28D /* LaunchScreen.xib in Resources */ = {isa = PBXBuildFile; fileRef = 14E9C55B1B94C93200D9F28D /* LaunchScreen.xib */; };
		14E9C5691B94C93200D9F28D /* ControllingSourceTests.swift in Sources */ = {isa = PBXBuildFile; fileRef = 14E9C5681B94C93200D9F28D /* ControllingSourceTests.swift */; };
/* End PBXBuildFile section */

/* Begin PBXContainerItemProxy section */
		14E9C5631B94C93200D9F28D /* PBXContainerItemProxy */ = {
			isa = PBXContainerItemProxy;
			containerPortal = 14E9C5401B94C93200D9F28D /* Project object */;
			proxyType = 1;
			remoteGlobalIDString = 14E9C5471B94C93200D9F28D;
			remoteInfo = ControllingSource;
		};
/* End PBXContainerItemProxy section */

/* Begin PBXFileReference section */
		14E9C5481B94C93200D9F28D /* ControllingSource.app */ = {isa = PBXFileReference; explicitFileType = wrapper.application; includeInIndex = 0; path = ControllingSource.app; sourceTree = BUILT_PRODUCTS_DIR; };
		14E9C54C1B94C93200D9F28D /* Info.plist */ = {isa = PBXFileReference; lastKnownFileType = text.plist.xml; path = Info.plist; sourceTree = "<group>"; };
		14E9C54D1B94C93200D9F28D /* AppDelegate.swift */ = {isa = PBXFileReference; lastKnownFileType = sourcecode.swift; path = AppDelegate.swift; sourceTree = "<group>"; };
		14E9C5501B94C93200D9F28D /* ControllingSource.xcdatamodel */ = {isa = PBXFileReference; lastKnownFileType = wrapper.xcdatamodel; path = ControllingSource.xcdatamodel; sourceTree = "<group>"; };
		14E9C5521B94C93200D9F28D /* MasterViewController.swift */ = {isa = PBXFileReference; lastKnownFileType = sourcecode.swift; path = MasterViewController.swift; sourceTree = "<group>"; };
		14E9C5541B94C93200D9F28D /* DetailViewController.swift */ = {isa = PBXFileReference; lastKnownFileType = sourcecode.swift; path = DetailViewController.swift; sourceTree = "<group>"; };
		14E9C5571B94C93200D9F28D /* Base */ = {isa = PBXFileReference; lastKnownFileType = file.storyboard; name = Base; path = Base.lproj/Main.storyboard; sourceTree = "<group>"; };
		14E9C5591B94C93200D9F28D /* Images.xcassets */ = {isa = PBXFileReference; lastKnownFileType = folder.assetcatalog; path = Images.xcassets; sourceTree = "<group>"; };
		14E9C55C1B94C93200D9F28D /* Base */ = {isa = PBXFileReference; lastKnownFileType = file.xib; name = Base; path = Base.lproj/LaunchScreen.xib; sourceTree = "<group>"; };
		14E9C5621B94C93200D9F28D /* ControllingSourceTests.xctest */ = {isa = PBXFileReference; explicitFileType = wrapper.cfbundle; includeInIndex = 0; path = ControllingSourceTests.xctest; sourceTree = BUILT_PRODUCTS_DIR; };
		14E9C5671B94C93200D9F28D /* Info.plist */ = {isa = PBXFileReference; lastKnownFileType = text.plist.xml; path = Info.plist; sourceTree = "<group>"; };
		14E9C5681B94C93200D9F28D /* ControllingSourceTests.swift */ = {isa = PBXFileReference; lastKnownFileType = sourcecode.swift; path = ControllingSourceTests.swift; sourceTree = "<group>"; };
/* End PBXFileReference section */

/* Begin PBXFrameworksBuildPhase section */
		14E9C5451B94C93200D9F28D /* Frameworks */ = {
			isa = PBXFrameworksBuildPhase;
			buildActionMask = 2147483647;
			files = (
			);
			runOnlyForDeploymentPostprocessing = 0;
		};
		14E9C55F1B94C93200D9F28D /* Frameworks */ = {
			isa = PBXFrameworksBuildPhase;
			buildActionMask = 2147483647;
			files = (
			);
			runOnlyForDeploymentPostprocessing = 0;
		};
/* End PBXFrameworksBuildPhase section */

/* Begin PBXGroup section */
		14E9C53F1B94C93200D9F28D = {
			isa = PBXGroup;
			children = (
				14E9C54A1B94C93200D9F28D /* ControllingSource */,
				14E9C5651B94C93200D9F28D /* ControllingSourceTests */,
				14E9C5491B94C93200D9F28D /* Products */,
			);
			sourceTree = "<group>";
		};
		14E9C5491B94C93200D9F28D /* Products */ = {
			isa = PBXGroup;
			children = (
				14E9C5481B94C93200D9F28D /* ControllingSource.app */,
				14E9C5621B94C93200D9F28D /* ControllingSourceTests.xctest */,
			);
			name = Products;
			sourceTree = "<group>";
		};
		14E9C54A1B94C93200D9F28D /* ControllingSource */ = {
			isa = PBXGroup;
			children = (
				14E9C54D1B94C93200D9F28D /* AppDelegate.swift */,
				14E9C5521B94C93200D9F28D /* MasterViewController.swift */,
				14E9C5541B94C93200D9F28D /* DetailViewController.swift */,
				14E9C5561B94C93200D9F28D /* Main.storyboard */,
				14E9C5591B94C93200D9F28D /* Images.xcassets */,
				14E9C55B1B94C93200D9F28D /* LaunchScreen.xib */,
				14E9C54F1B94C93200D9F28D /* ControllingSource.xcdatamodeld */,
				14E9C54B1B94C93200D9F28D /* Supporting Files */,
			);
			path = ControllingSource;
			sourceTree = "<group>";
		};
		14E9C54B1B94C93200D9F28D /* Supporting Files */ = {
			isa = PBXGroup;
			children = (
				14E9C54C1B94C93200D9F28D /* Info.plist */,
			);
			name = "Supporting Files";
			sourceTree = "<group>";
		};
		14E9C5651B94C93200D9F28D /* ControllingSourceTests */ = {
			isa = PBXGroup;
			children = (
				14E9C5681B94C93200D9F28D /* ControllingSourceTests.swift */,
				14E9C5661B94C93200D9F28D /* Supporting Files */,
			);
			path = ControllingSourceTests;
			sourceTree = "<group>";
		};
		14E9C5661B94C93200D9F28D /* Supporting Files */ = {
			isa = PBXGroup;
			children = (
				14E9C5671B94C93200D9F28D /* Info.plist */,
			);
			name = "Supporting Files";
			sourceTree = "<group>";
		};
/* End PBXGroup section */

/* Begin PBXNativeTarget section */
		14E9C5471B94C93200D9F28D /* ControllingSource */ = {
			isa = PBXNativeTarget;
			buildConfigurationList = 14E9C56C1B94C93200D9F28D /* Build configuration list for PBXNativeTarget "ControllingSource" */;
			buildPhases = (
				14E9C5441B94C93200D9F28D /* Sources */,
				14E9C5451B94C93200D9F28D /* Frameworks */,
				14E9C5461B94C93200D9F28D /* Resources */,
			);
			buildRules = (
			);
			dependencies = (
			);
			name = ControllingSource;
			productName = ControllingSource;
			productReference = 14E9C5481B94C93200D9F28D /* ControllingSource.app */;
			productType = "com.apple.product-type.application";
		};
		14E9C5611B94C93200D9F28D /* ControllingSourceTests */ = {
			isa = PBXNativeTarget;
			buildConfigurationList = 14E9C56F1B94C93200D9F28D /* Build configuration list for PBXNativeTarget "ControllingSourceTests" */;
			buildPhases = (
				14E9C55E1B94C93200D9F28D /* Sources */,
				14E9C55F1B94C93200D9F28D /* Frameworks */,
				14E9C5601B94C93200D9F28D /* Resources */,
			);
			buildRules = (
			);
			dependencies = (
				14E9C5641B94C93200D9F28D /* PBXTargetDependency */,
			);
			name = ControllingSourceTests;
			productName = ControllingSourceTests;
			productReference = 14E9C5621B94C93200D9F28D /* ControllingSourceTests.xctest */;
			productType = "com.apple.product-type.bundle.unit-test";
		};
/* End PBXNativeTarget section */

/* Begin PBXProject section */
		14E9C5401B94C93200D9F28D /* Project object */ = {
			isa = PBXProject;
			attributes = {
				LastUpgradeCheck = 0640;
				ORGANIZATIONNAME = "Beatriz Rezener";
				TargetAttributes = {
					14E9C5471B94C93200D9F28D = {
						CreatedOnToolsVersion = 6.4;
					};
					14E9C5611B94C93200D9F28D = {
						CreatedOnToolsVersion = 6.4;
						TestTargetID = 14E9C5471B94C93200D9F28D;
					};
				};
			};
			buildConfigurationList = 14E9C5431B94C93200D9F28D /* Build configuration list for PBXProject "ControllingSource" */;
			compatibilityVersion = "Xcode 3.2";
			developmentRegion = English;
			hasScannedForEncodings = 0;
			knownRegions = (
				en,
				Base,
			);
			mainGroup = 14E9C53F1B94C93200D9F28D;
			productRefGroup = 14E9C5491B94C93200D9F28D /* Products */;
			projectDirPath = "";
			projectRoot = "";
			targets = (
				14E9C5471B94C93200D9F28D /* ControllingSource */,
				14E9C5611B94C93200D9F28D /* ControllingSourceTests */,
			);
		};
/* End PBXProject section */

/* Begin PBXResourcesBuildPhase section */
		14E9C5461B94C93200D9F28D /* Resources */ = {
			isa = PBXResourcesBuildPhase;
			buildActionMask = 2147483647;
			files = (
				14E9C5581B94C93200D9F28D /* Main.storyboard in Resources */,
				14E9C55D1B94C93200D9F28D /* LaunchScreen.xib in Resources */,
				14E9C55A1B94C93200D9F28D /* Images.xcassets in Resources */,
			);
			runOnlyForDeploymentPostprocessing = 0;
		};
		14E9C5601B94C93200D9F28D /* Resources */ = {
			isa = PBXResourcesBuildPhase;
			buildActionMask = 2147483647;
			files = (
			);
			runOnlyForDeploymentPostprocessing = 0;
		};
/* End PBXResourcesBuildPhase section */

/* Begin PBXSourcesBuildPhase section */
		14E9C5441B94C93200D9F28D /* Sources */ = {
			isa = PBXSourcesBuildPhase;
			buildActionMask = 2147483647;
			files = (
				14E9C5511B94C93200D9F28D /* ControllingSource.xcdatamodeld in Sources */,
				14E9C54E1B94C93200D9F28D /* AppDelegate.swift in Sources */,
				14E9C5531B94C93200D9F28D /* MasterViewController.swift in Sources */,
				14E9C5551B94C93200D9F28D /* DetailViewController.swift in Sources */,
			);
			runOnlyForDeploymentPostprocessing = 0;
		};
		14E9C55E1B94C93200D9F28D /* Sources */ = {
			isa = PBXSourcesBuildPhase;
			buildActionMask = 2147483647;
			files = (
				14E9C5691B94C93200D9F28D /* ControllingSourceTests.swift in Sources */,
			);
			runOnlyForDeploymentPostprocessing = 0;
		};
/* End PBXSourcesBuildPhase section */

/* Begin PBXTargetDependency section */
		14E9C5641B94C93200D9F28D /* PBXTargetDependency */ = {
			isa = PBXTargetDependency;
			target = 14E9C5471B94C93200D9F28D /* ControllingSource */;
			targetProxy = 14E9C5631B94C93200D9F28D /* PBXContainerItemProxy */;
		};
/* End PBXTargetDependency section */

/* Begin PBXVariantGroup section */
		14E9C5561B94C93200D9F28D /* Main.storyboard */ = {
			isa = PBXVariantGroup;
			children = (
				14E9C5571B94C93200D9F28D /* Base */,
			);
			name = Main.storyboard;
			sourceTree = "<group>";
		};
		14E9C55B1B94C93200D9F28D /* LaunchScreen.xib */ = {
			isa = PBXVariantGroup;
			children = (
				14E9C55C1B94C93200D9F28D /* Base */,
			);
			name = LaunchScreen.xib;
			sourceTree = "<group>";
		};
/* End PBXVariantGroup section */

/* Begin XCBuildConfiguration section */
		14E9C56A1B94C93200D9F28D /* Debug */ = {
			isa = XCBuildConfiguration;
			buildSettings = {
				ALWAYS_SEARCH_USER_PATHS = NO;
				CLANG_CXX_LANGUAGE_STANDARD = "gnu++0x";
				CLANG_CXX_LIBRARY = "libc++";
				CLANG_ENABLE_MODULES = YES;
				CLANG_ENABLE_OBJC_ARC = YES;
				CLANG_WARN_BOOL_CONVERSION = YES;
				CLANG_WARN_CONSTANT_CONVERSION = YES;
				CLANG_WARN_DIRECT_OBJC_ISA_USAGE = YES_ERROR;
				CLANG_WARN_EMPTY_BODY = YES;
				CLANG_WARN_ENUM_CONVERSION = YES;
				CLANG_WARN_INT_CONVERSION = YES;
				CLANG_WARN_OBJC_ROOT_CLASS = YES_ERROR;
				CLANG_WARN_UNREACHABLE_CODE = YES;
				CLANG_WARN__DUPLICATE_METHOD_MATCH = YES;
				"CODE_SIGN_IDENTITY[sdk=iphoneos*]" = "iPhone Developer";
				COPY_PHASE_STRIP = NO;
				DEBUG_INFORMATION_FORMAT = "dwarf-with-dsym";
				ENABLE_STRICT_OBJC_MSGSEND = YES;
				GCC_C_LANGUAGE_STANDARD = gnu99;
				GCC_DYNAMIC_NO_PIC = NO;
				GCC_NO_COMMON_BLOCKS = YES;
				GCC_OPTIMIZATION_LEVEL = 0;
				GCC_PREPROCESSOR_DEFINITIONS = (
					"DEBUG=1",
					"$(inherited)",
				);
				GCC_SYMBOLS_PRIVATE_EXTERN = NO;
				GCC_WARN_64_TO_32_BIT_CONVERSION = YES;
				GCC_WARN_ABOUT_RETURN_TYPE = YES_ERROR;
				GCC_WARN_UNDECLARED_SELECTOR = YES;
				GCC_WARN_UNINITIALIZED_AUTOS = YES_AGGRESSIVE;
				GCC_WARN_UNUSED_FUNCTION = YES;
				GCC_WARN_UNUSED_VARIABLE = YES;
				IPHONEOS_DEPLOYMENT_TARGET = 8.4;
				MTL_ENABLE_DEBUG_INFO = YES;
				ONLY_ACTIVE_ARCH = YES;
				SDKROOT = iphoneos;
				SWIFT_OPTIMIZATION_LEVEL = "-Onone";
				TARGETED_DEVICE_FAMILY = "1,2";
			};
			name = Debug;
		};
		14E9C56B1B94C93200D9F28D /* Release */ = {
			isa = XCBuildConfiguration;
			buildSettings = {
				ALWAYS_SEARCH_USER_PATHS = NO;
				CLANG_CXX_LANGUAGE_STANDARD = "gnu++0x";
				CLANG_CXX_LIBRARY = "libc++";
				CLANG_ENABLE_MODULES = YES;
				CLANG_ENABLE_OBJC_ARC = YES;
				CLANG_WARN_BOOL_CONVERSION = YES;
				CLANG_WARN_CONSTANT_CONVERSION = YES;
				CLANG_WARN_DIRECT_OBJC_ISA_USAGE = YES_ERROR;
				CLANG_WARN_EMPTY_BODY = YES;
				CLANG_WARN_ENUM_CONVERSION = YES;
				CLANG_WARN_INT_CONVERSION = YES;
				CLANG_WARN_OBJC_ROOT_CLASS = YES_ERROR;
				CLANG_WARN_UNREACHABLE_CODE = YES;
				CLANG_WARN__DUPLICATE_METHOD_MATCH = YES;
				"CODE_SIGN_IDENTITY[sdk=iphoneos*]" = "iPhone Developer";
				COPY_PHASE_STRIP = NO;
				DEBUG_INFORMATION_FORMAT = "dwarf-with-dsym";
				ENABLE_NS_ASSERTIONS = NO;
				ENABLE_STRICT_OBJC_MSGSEND = YES;
				GCC_C_LANGUAGE_STANDARD = gnu99;
				GCC_NO_COMMON_BLOCKS = YES;
				GCC_WARN_64_TO_32_BIT_CONVERSION = YES;
				GCC_WARN_ABOUT_RETURN_TYPE = YES_ERROR;
				GCC_WARN_UNDECLARED_SELECTOR = YES;
				GCC_WARN_UNINITIALIZED_AUTOS = YES_AGGRESSIVE;
				GCC_WARN_UNUSED_FUNCTION = YES;
				GCC_WARN_UNUSED_VARIABLE = YES;
				IPHONEOS_DEPLOYMENT_TARGET = 8.4;
				MTL_ENABLE_DEBUG_INFO = NO;
				SDKROOT = iphoneos;
				TARGETED_DEVICE_FAMILY = "1,2";
				VALIDATE_PRODUCT = YES;
			};
			name = Release;
		};
		14E9C56D1B94C93200D9F28D /* Debug */ = {
			isa = XCBuildConfiguration;
			buildSettings = {
				ASSETCATALOG_COMPILER_APPICON_NAME = AppIcon;
				INFOPLIST_FILE = ControllingSource/Info.plist;
				LD_RUNPATH_SEARCH_PATHS = "$(inherited) @executable_path/Frameworks";
				PRODUCT_NAME = "$(TARGET_NAME)";
			};
			name = Debug;
		};
		14E9C56E1B94C93200D9F28D /* Release */ = {
			isa = XCBuildConfiguration;
			buildSettings = {
				ASSETCATALOG_COMPILER_APPICON_NAME = AppIcon;
				INFOPLIST_FILE = ControllingSource/Info.plist;
				LD_RUNPATH_SEARCH_PATHS = "$(inherited) @executable_path/Frameworks";
				PRODUCT_NAME = "$(TARGET_NAME)";
			};
			name = Release;
		};
		14E9C5701B94C93200D9F28D /* Debug */ = {
			isa = XCBuildConfiguration;
			buildSettings = {
				BUNDLE_LOADER = "$(TEST_HOST)";
				FRAMEWORK_SEARCH_PATHS = (
					"$(SDKROOT)/Developer/Library/Frameworks",
					"$(inherited)",
				);
				GCC_PREPROCESSOR_DEFINITIONS = (
					"DEBUG=1",
					"$(inherited)",
				);
				INFOPLIST_FILE = ControllingSourceTests/Info.plist;
				LD_RUNPATH_SEARCH_PATHS = "$(inherited) @executable_path/Frameworks @loader_path/Frameworks";
				PRODUCT_NAME = "$(TARGET_NAME)";
				TEST_HOST = "$(BUILT_PRODUCTS_DIR)/ControllingSource.app/ControllingSource";
			};
			name = Debug;
		};
		14E9C5711B94C93200D9F28D /* Release */ = {
			isa = XCBuildConfiguration;
			buildSettings = {
				BUNDLE_LOADER = "$(TEST_HOST)";
				FRAMEWORK_SEARCH_PATHS = (
					"$(SDKROOT)/Developer/Library/Frameworks",
					"$(inherited)",
				);
				INFOPLIST_FILE = ControllingSourceTests/Info.plist;
				LD_RUNPATH_SEARCH_PATHS = "$(inherited) @executable_path/Frameworks @loader_path/Frameworks";
				PRODUCT_NAME = "$(TARGET_NAME)";
				TEST_HOST = "$(BUILT_PRODUCTS_DIR)/ControllingSource.app/ControllingSource";
			};
			name = Release;
		};
/* End XCBuildConfiguration section */

/* Begin XCConfigurationList section */
		14E9C5431B94C93200D9F28D /* Build configuration list for PBXProject "ControllingSource" */ = {
			isa = XCConfigurationList;
			buildConfigurations = (
				14E9C56A1B94C93200D9F28D /* Debug */,
				14E9C56B1B94C93200D9F28D /* Release */,
			);
			defaultConfigurationIsVisible = 0;
			defaultConfigurationName = Release;
		};
		14E9C56C1B94C93200D9F28D /* Build configuration list for PBXNativeTarget "ControllingSource" */ = {
			isa = XCConfigurationList;
			buildConfigurations = (
				14E9C56D1B94C93200D9F28D /* Debug */,
				14E9C56E1B94C93200D9F28D /* Release */,
			);
			defaultConfigurationIsVisible = 0;
		};
		14E9C56F1B94C93200D9F28D /* Build configuration list for PBXNativeTarget "ControllingSourceTests" */ = {
			isa = XCConfigurationList;
			buildConfigurations = (
				14E9C5701B94C93200D9F28D /* Debug */,
				14E9C5711B94C93200D9F28D /* Release */,
			);
			defaultConfigurationIsVisible = 0;
		};
/* End XCConfigurationList section */

/* Begin XCVersionGroup section */
		14E9C54F1B94C93200D9F28D /* ControllingSource.xcdatamodeld */ = {
			isa = XCVersionGroup;
			children = (
				14E9C5501B94C93200D9F28D /* ControllingSource.xcdatamodel */,
			);
			currentVersion = 14E9C5501B94C93200D9F28D /* ControllingSource.xcdatamodel */;
			path = ControllingSource.xcdatamodeld;
			sourceTree = "<group>";
			versionGroupType = wrapper.xcdatamodel;
		};
/* End XCVersionGroup section */
	};
	rootObject = 14E9C5401B94C93200D9F28D /* Project object */;
}
